// !$*UTF8*$!
{
	archiveVersion = 1;
	classes = {
	};
	objectVersion = 48;
	objects = {

/* Begin PBXBuildFile section */
		5261EBF623912881C7559E05 /* Pods_Salut.framework in Frameworks */ = {isa = PBXBuildFile; fileRef = 4B93E8B08DDB4CA2E1136952 /* Pods_Salut.framework */; };
		F977E5991F86E1F3009E29CA /* SWRevealViewController.m in Sources */ = {isa = PBXBuildFile; fileRef = F9A870F41F86C50800D6272B /* SWRevealViewController.m */; };
		F977E59B1F874A74009E29CA /* GradientView.swift in Sources */ = {isa = PBXBuildFile; fileRef = F977E59A1F874A74009E29CA /* GradientView.swift */; };
		F977E59E1F87522F009E29CA /* Constants.swift in Sources */ = {isa = PBXBuildFile; fileRef = F977E59D1F87522E009E29CA /* Constants.swift */; };
		F977E5A01F87555E009E29CA /* LoginVC.swift in Sources */ = {isa = PBXBuildFile; fileRef = F977E59F1F87555E009E29CA /* LoginVC.swift */; };
		F9A870DB1F86C4A400D6272B /* AppDelegate.swift in Sources */ = {isa = PBXBuildFile; fileRef = F9A870DA1F86C4A400D6272B /* AppDelegate.swift */; };
		F9A870E01F86C4A400D6272B /* Main.storyboard in Resources */ = {isa = PBXBuildFile; fileRef = F9A870DE1F86C4A400D6272B /* Main.storyboard */; };
		F9A870E31F86C4A400D6272B /* Salut.xcdatamodeld in Sources */ = {isa = PBXBuildFile; fileRef = F9A870E11F86C4A400D6272B /* Salut.xcdatamodeld */; };
		F9A870E51F86C4A400D6272B /* Assets.xcassets in Resources */ = {isa = PBXBuildFile; fileRef = F9A870E41F86C4A400D6272B /* Assets.xcassets */; };
		F9A870E81F86C4A400D6272B /* LaunchScreen.storyboard in Resources */ = {isa = PBXBuildFile; fileRef = F9A870E61F86C4A400D6272B /* LaunchScreen.storyboard */; };
		F9A870F71F86C57300D6272B /* ChatVC.swift in Sources */ = {isa = PBXBuildFile; fileRef = F9A870F61F86C57300D6272B /* ChatVC.swift */; };
		F9A870F91F86C5AC00D6272B /* ChannelsVC.swift in Sources */ = {isa = PBXBuildFile; fileRef = F9A870F81F86C5AC00D6272B /* ChannelsVC.swift */; };
/* End PBXBuildFile section */

/* Begin PBXFileReference section */
		4005BB9BEA4531832C41852E /* Pods-Salut.debug.xcconfig */ = {isa = PBXFileReference; includeInIndex = 1; lastKnownFileType = text.xcconfig; name = "Pods-Salut.debug.xcconfig"; path = "Pods/Target Support Files/Pods-Salut/Pods-Salut.debug.xcconfig"; sourceTree = "<group>"; };
		4B93E8B08DDB4CA2E1136952 /* Pods_Salut.framework */ = {isa = PBXFileReference; explicitFileType = wrapper.framework; includeInIndex = 0; path = Pods_Salut.framework; sourceTree = BUILT_PRODUCTS_DIR; };
		91CB0D90F0BBC5877745AEA7 /* Pods-Salut.release.xcconfig */ = {isa = PBXFileReference; includeInIndex = 1; lastKnownFileType = text.xcconfig; name = "Pods-Salut.release.xcconfig"; path = "Pods/Target Support Files/Pods-Salut/Pods-Salut.release.xcconfig"; sourceTree = "<group>"; };
		F977E59A1F874A74009E29CA /* GradientView.swift */ = {isa = PBXFileReference; lastKnownFileType = sourcecode.swift; path = GradientView.swift; sourceTree = "<group>"; };
		F977E59D1F87522E009E29CA /* Constants.swift */ = {isa = PBXFileReference; lastKnownFileType = sourcecode.swift; path = Constants.swift; sourceTree = "<group>"; };
		F977E59F1F87555E009E29CA /* LoginVC.swift */ = {isa = PBXFileReference; lastKnownFileType = sourcecode.swift; path = LoginVC.swift; sourceTree = "<group>"; };
		F9A870D71F86C4A400D6272B /* Salut.app */ = {isa = PBXFileReference; explicitFileType = wrapper.application; includeInIndex = 0; path = Salut.app; sourceTree = BUILT_PRODUCTS_DIR; };
		F9A870DA1F86C4A400D6272B /* AppDelegate.swift */ = {isa = PBXFileReference; lastKnownFileType = sourcecode.swift; path = AppDelegate.swift; sourceTree = "<group>"; };
		F9A870DF1F86C4A400D6272B /* Base */ = {isa = PBXFileReference; lastKnownFileType = file.storyboard; name = Base; path = Base.lproj/Main.storyboard; sourceTree = "<group>"; };
		F9A870E21F86C4A400D6272B /* Salut.xcdatamodel */ = {isa = PBXFileReference; lastKnownFileType = wrapper.xcdatamodel; path = Salut.xcdatamodel; sourceTree = "<group>"; };
		F9A870E41F86C4A400D6272B /* Assets.xcassets */ = {isa = PBXFileReference; lastKnownFileType = folder.assetcatalog; path = Assets.xcassets; sourceTree = "<group>"; };
		F9A870E71F86C4A400D6272B /* Base */ = {isa = PBXFileReference; lastKnownFileType = file.storyboard; name = Base; path = Base.lproj/LaunchScreen.storyboard; sourceTree = "<group>"; };
		F9A870E91F86C4A400D6272B /* Info.plist */ = {isa = PBXFileReference; lastKnownFileType = text.plist.xml; path = Info.plist; sourceTree = "<group>"; };
		F9A870F31F86C50700D6272B /* Salut-Bridging-Header.h */ = {isa = PBXFileReference; lastKnownFileType = sourcecode.c.h; path = "Salut-Bridging-Header.h"; sourceTree = "<group>"; };
		F9A870F41F86C50800D6272B /* SWRevealViewController.m */ = {isa = PBXFileReference; lastKnownFileType = sourcecode.c.objc; path = SWRevealViewController.m; sourceTree = "<group>"; };
		F9A870F51F86C50800D6272B /* SWRevealViewController.h */ = {isa = PBXFileReference; lastKnownFileType = sourcecode.c.h; path = SWRevealViewController.h; sourceTree = "<group>"; };
		F9A870F61F86C57300D6272B /* ChatVC.swift */ = {isa = PBXFileReference; lastKnownFileType = sourcecode.swift; path = ChatVC.swift; sourceTree = "<group>"; };
		F9A870F81F86C5AC00D6272B /* ChannelsVC.swift */ = {isa = PBXFileReference; lastKnownFileType = sourcecode.swift; path = ChannelsVC.swift; sourceTree = "<group>"; };
/* End PBXFileReference section */

/* Begin PBXFrameworksBuildPhase section */
		F9A870D41F86C4A400D6272B /* Frameworks */ = {
			isa = PBXFrameworksBuildPhase;
			buildActionMask = 2147483647;
			files = (
				5261EBF623912881C7559E05 /* Pods_Salut.framework in Frameworks */,
			);
			runOnlyForDeploymentPostprocessing = 0;
		};
/* End PBXFrameworksBuildPhase section */

/* Begin PBXGroup section */
		3A971F7B52353BBCC35BDF66 /* Pods */ = {
			isa = PBXGroup;
			children = (
				4005BB9BEA4531832C41852E /* Pods-Salut.debug.xcconfig */,
				91CB0D90F0BBC5877745AEA7 /* Pods-Salut.release.xcconfig */,
			);
			name = Pods;
			sourceTree = "<group>";
		};
		71A6987C089E50B7B928B313 /* Frameworks */ = {
			isa = PBXGroup;
			children = (
				4B93E8B08DDB4CA2E1136952 /* Pods_Salut.framework */,
			);
			name = Frameworks;
			sourceTree = "<group>";
		};
		F977E59C1F87521C009E29CA /* Utilities */ = {
			isa = PBXGroup;
			children = (
				F977E59D1F87522E009E29CA /* Constants.swift */,
			);
			path = Utilities;
			sourceTree = "<group>";
		};
		F9A870CE1F86C4A400D6272B = {
			isa = PBXGroup;
			children = (
				F9A870D91F86C4A400D6272B /* Salut */,
				F9A870D81F86C4A400D6272B /* Products */,
				3A971F7B52353BBCC35BDF66 /* Pods */,
				71A6987C089E50B7B928B313 /* Frameworks */,
			);
			sourceTree = "<group>";
		};
		F9A870D81F86C4A400D6272B /* Products */ = {
			isa = PBXGroup;
			children = (
				F9A870D71F86C4A400D6272B /* Salut.app */,
			);
			name = Products;
			sourceTree = "<group>";
		};
		F9A870D91F86C4A400D6272B /* Salut */ = {
			isa = PBXGroup;
			children = (
				F977E59C1F87521C009E29CA /* Utilities */,
				F9A870F01F86C4B100D6272B /* Supporting Files */,
				F9A870F11F86C4CA00D6272B /* Model */,
				F9A870F21F86C4D200D6272B /* View */,
				F9A870EF1F86C4AA00D6272B /* Controller */,
				F9A870DA1F86C4A400D6272B /* AppDelegate.swift */,
				F9A870DE1F86C4A400D6272B /* Main.storyboard */,
				F9A870E41F86C4A400D6272B /* Assets.xcassets */,
				F9A870E61F86C4A400D6272B /* LaunchScreen.storyboard */,
				F9A870E91F86C4A400D6272B /* Info.plist */,
				F9A870E11F86C4A400D6272B /* Salut.xcdatamodeld */,
			);
			path = Salut;
			sourceTree = "<group>";
		};
		F9A870EF1F86C4AA00D6272B /* Controller */ = {
			isa = PBXGroup;
			children = (
				F9A870F61F86C57300D6272B /* ChatVC.swift */,
				F9A870F81F86C5AC00D6272B /* ChannelsVC.swift */,
				F977E59F1F87555E009E29CA /* LoginVC.swift */,
			);
			path = Controller;
			sourceTree = "<group>";
		};
		F9A870F01F86C4B100D6272B /* Supporting Files */ = {
			isa = PBXGroup;
			children = (
				F9A870F51F86C50800D6272B /* SWRevealViewController.h */,
				F9A870F41F86C50800D6272B /* SWRevealViewController.m */,
				F9A870F31F86C50700D6272B /* Salut-Bridging-Header.h */,
			);
			path = "Supporting Files";
			sourceTree = "<group>";
		};
		F9A870F11F86C4CA00D6272B /* Model */ = {
			isa = PBXGroup;
			children = (
			);
			path = Model;
			sourceTree = "<group>";
		};
		F9A870F21F86C4D200D6272B /* View */ = {
			isa = PBXGroup;
			children = (
				F977E59A1F874A74009E29CA /* GradientView.swift */,
			);
			path = View;
			sourceTree = "<group>";
		};
/* End PBXGroup section */

/* Begin PBXNativeTarget section */
		F9A870D61F86C4A400D6272B /* Salut */ = {
			isa = PBXNativeTarget;
			buildConfigurationList = F9A870EC1F86C4A400D6272B /* Build configuration list for PBXNativeTarget "Salut" */;
			buildPhases = (
				3D52F8B222FD62BEF1D3E1B7 /* [CP] Check Pods Manifest.lock */,
				F9A870D31F86C4A400D6272B /* Sources */,
				F9A870D41F86C4A400D6272B /* Frameworks */,
				F9A870D51F86C4A400D6272B /* Resources */,
				0E077AA498B862C96D88CD41 /* [CP] Embed Pods Frameworks */,
				1681AC3B7C3B3F8D7A7A01B3 /* [CP] Copy Pods Resources */,
			);
			buildRules = (
			);
			dependencies = (
			);
			name = Salut;
			productName = Salut;
			productReference = F9A870D71F86C4A400D6272B /* Salut.app */;
			productType = "com.apple.product-type.application";
		};
/* End PBXNativeTarget section */

/* Begin PBXProject section */
		F9A870CF1F86C4A400D6272B /* Project object */ = {
			isa = PBXProject;
			attributes = {
				LastSwiftUpdateCheck = 0900;
				LastUpgradeCheck = 0900;
				ORGANIZATIONNAME = "Israel Carvajal";
				TargetAttributes = {
					F9A870D61F86C4A400D6272B = {
						CreatedOnToolsVersion = 9.0;
						LastSwiftMigration = 0900;
						ProvisioningStyle = Automatic;
					};
				};
			};
			buildConfigurationList = F9A870D21F86C4A400D6272B /* Build configuration list for PBXProject "Salut" */;
			compatibilityVersion = "Xcode 8.0";
			developmentRegion = en;
			hasScannedForEncodings = 0;
			knownRegions = (
				en,
				Base,
			);
			mainGroup = F9A870CE1F86C4A400D6272B;
			productRefGroup = F9A870D81F86C4A400D6272B /* Products */;
			projectDirPath = "";
			projectRoot = "";
			targets = (
				F9A870D61F86C4A400D6272B /* Salut */,
			);
		};
/* End PBXProject section */

/* Begin PBXResourcesBuildPhase section */
		F9A870D51F86C4A400D6272B /* Resources */ = {
			isa = PBXResourcesBuildPhase;
			buildActionMask = 2147483647;
			files = (
				F9A870E81F86C4A400D6272B /* LaunchScreen.storyboard in Resources */,
				F9A870E51F86C4A400D6272B /* Assets.xcassets in Resources */,
				F9A870E01F86C4A400D6272B /* Main.storyboard in Resources */,
			);
			runOnlyForDeploymentPostprocessing = 0;
		};
/* End PBXResourcesBuildPhase section */

/* Begin PBXShellScriptBuildPhase section */
		0E077AA498B862C96D88CD41 /* [CP] Embed Pods Frameworks */ = {
			isa = PBXShellScriptBuildPhase;
			buildActionMask = 2147483647;
			files = (
			);
			inputPaths = (
			);
			name = "[CP] Embed Pods Frameworks";
			outputPaths = (
			);
			runOnlyForDeploymentPostprocessing = 0;
			shellPath = /bin/sh;
			shellScript = "\"${SRCROOT}/Pods/Target Support Files/Pods-Salut/Pods-Salut-frameworks.sh\"\n";
			showEnvVarsInLog = 0;
		};
		1681AC3B7C3B3F8D7A7A01B3 /* [CP] Copy Pods Resources */ = {
			isa = PBXShellScriptBuildPhase;
			buildActionMask = 2147483647;
			files = (
			);
			inputPaths = (
			);
			name = "[CP] Copy Pods Resources";
			outputPaths = (
			);
			runOnlyForDeploymentPostprocessing = 0;
			shellPath = /bin/sh;
			shellScript = "\"${SRCROOT}/Pods/Target Support Files/Pods-Salut/Pods-Salut-resources.sh\"\n";
			showEnvVarsInLog = 0;
		};
		3D52F8B222FD62BEF1D3E1B7 /* [CP] Check Pods Manifest.lock */ = {
			isa = PBXShellScriptBuildPhase;
			buildActionMask = 2147483647;
			files = (
			);
			inputPaths = (
			);
			name = "[CP] Check Pods Manifest.lock";
			outputPaths = (
			);
			runOnlyForDeploymentPostprocessing = 0;
			shellPath = /bin/sh;
			shellScript = "diff \"${PODS_ROOT}/../Podfile.lock\" \"${PODS_ROOT}/Manifest.lock\" > /dev/null\nif [ $? != 0 ] ; then\n    # print error to STDERR\n    echo \"error: The sandbox is not in sync with the Podfile.lock. Run 'pod install' or update your CocoaPods installation.\" >&2\n    exit 1\nfi\n";
			showEnvVarsInLog = 0;
		};
/* End PBXShellScriptBuildPhase section */

/* Begin PBXSourcesBuildPhase section */
		F9A870D31F86C4A400D6272B /* Sources */ = {
			isa = PBXSourcesBuildPhase;
			buildActionMask = 2147483647;
			files = (
				F977E5991F86E1F3009E29CA /* SWRevealViewController.m in Sources */,
				F9A870F91F86C5AC00D6272B /* ChannelsVC.swift in Sources */,
				F977E5A01F87555E009E29CA /* LoginVC.swift in Sources */,
				F977E59B1F874A74009E29CA /* GradientView.swift in Sources */,
				F9A870F71F86C57300D6272B /* ChatVC.swift in Sources */,
				F977E59E1F87522F009E29CA /* Constants.swift in Sources */,
				F9A870E31F86C4A400D6272B /* Salut.xcdatamodeld in Sources */,
				F9A870DB1F86C4A400D6272B /* AppDelegate.swift in Sources */,
			);
			runOnlyForDeploymentPostprocessing = 0;
		};
/* End PBXSourcesBuildPhase section */

/* Begin PBXVariantGroup section */
		F9A870DE1F86C4A400D6272B /* Main.storyboard */ = {
			isa = PBXVariantGroup;
			children = (
				F9A870DF1F86C4A400D6272B /* Base */,
			);
			name = Main.storyboard;
			sourceTree = "<group>";
		};
		F9A870E61F86C4A400D6272B /* LaunchScreen.storyboard */ = {
			isa = PBXVariantGroup;
			children = (
				F9A870E71F86C4A400D6272B /* Base */,
			);
			name = LaunchScreen.storyboard;
			sourceTree = "<group>";
		};
/* End PBXVariantGroup section */

/* Begin XCBuildConfiguration section */
		F9A870EA1F86C4A400D6272B /* Debug */ = {
			isa = XCBuildConfiguration;
			buildSettings = {
				ALWAYS_SEARCH_USER_PATHS = NO;
				CLANG_ANALYZER_NONNULL = YES;
				CLANG_ANALYZER_NUMBER_OBJECT_CONVERSION = YES_AGGRESSIVE;
				CLANG_CXX_LANGUAGE_STANDARD = "gnu++14";
				CLANG_CXX_LIBRARY = "libc++";
				CLANG_ENABLE_MODULES = YES;
				CLANG_ENABLE_OBJC_ARC = YES;
				CLANG_WARN_BLOCK_CAPTURE_AUTORELEASING = YES;
				CLANG_WARN_BOOL_CONVERSION = YES;
				CLANG_WARN_COMMA = YES;
				CLANG_WARN_CONSTANT_CONVERSION = YES;
				CLANG_WARN_DIRECT_OBJC_ISA_USAGE = YES_ERROR;
				CLANG_WARN_DOCUMENTATION_COMMENTS = YES;
				CLANG_WARN_EMPTY_BODY = YES;
				CLANG_WARN_ENUM_CONVERSION = YES;
				CLANG_WARN_INFINITE_RECURSION = YES;
				CLANG_WARN_INT_CONVERSION = YES;
				CLANG_WARN_NON_LITERAL_NULL_CONVERSION = YES;
				CLANG_WARN_OBJC_LITERAL_CONVERSION = YES;
				CLANG_WARN_OBJC_ROOT_CLASS = YES_ERROR;
				CLANG_WARN_RANGE_LOOP_ANALYSIS = YES;
				CLANG_WARN_STRICT_PROTOTYPES = YES;
				CLANG_WARN_SUSPICIOUS_MOVE = YES;
				CLANG_WARN_UNGUARDED_AVAILABILITY = YES_AGGRESSIVE;
				CLANG_WARN_UNREACHABLE_CODE = YES;
				CLANG_WARN__DUPLICATE_METHOD_MATCH = YES;
				CODE_SIGN_IDENTITY = "iPhone Developer";
				COPY_PHASE_STRIP = NO;
				DEBUG_INFORMATION_FORMAT = dwarf;
				ENABLE_STRICT_OBJC_MSGSEND = YES;
				ENABLE_TESTABILITY = YES;
				GCC_C_LANGUAGE_STANDARD = gnu11;
				GCC_DYNAMIC_NO_PIC = NO;
				GCC_NO_COMMON_BLOCKS = YES;
				GCC_OPTIMIZATION_LEVEL = 0;
				GCC_PREPROCESSOR_DEFINITIONS = (
					"DEBUG=1",
					"$(inherited)",
				);
				GCC_WARN_64_TO_32_BIT_CONVERSION = YES;
				GCC_WARN_ABOUT_RETURN_TYPE = YES_ERROR;
				GCC_WARN_UNDECLARED_SELECTOR = YES;
				GCC_WARN_UNINITIALIZED_AUTOS = YES_AGGRESSIVE;
				GCC_WARN_UNUSED_FUNCTION = YES;
				GCC_WARN_UNUSED_VARIABLE = YES;
				IPHONEOS_DEPLOYMENT_TARGET = 11.0;
				MTL_ENABLE_DEBUG_INFO = YES;
				ONLY_ACTIVE_ARCH = YES;
				SDKROOT = iphoneos;
				SWIFT_ACTIVE_COMPILATION_CONDITIONS = DEBUG;
				SWIFT_OPTIMIZATION_LEVEL = "-Onone";
			};
			name = Debug;
		};
		F9A870EB1F86C4A400D6272B /* Release */ = {
			isa = XCBuildConfiguration;
			buildSettings = {
				ALWAYS_SEARCH_USER_PATHS = NO;
				CLANG_ANALYZER_NONNULL = YES;
				CLANG_ANALYZER_NUMBER_OBJECT_CONVERSION = YES_AGGRESSIVE;
				CLANG_CXX_LANGUAGE_STANDARD = "gnu++14";
				CLANG_CXX_LIBRARY = "libc++";
				CLANG_ENABLE_MODULES = YES;
				CLANG_ENABLE_OBJC_ARC = YES;
				CLANG_WARN_BLOCK_CAPTURE_AUTORELEASING = YES;
				CLANG_WARN_BOOL_CONVERSION = YES;
				CLANG_WARN_COMMA = YES;
				CLANG_WARN_CONSTANT_CONVERSION = YES;
				CLANG_WARN_DIRECT_OBJC_ISA_USAGE = YES_ERROR;
				CLANG_WARN_DOCUMENTATION_COMMENTS = YES;
				CLANG_WARN_EMPTY_BODY = YES;
				CLANG_WARN_ENUM_CONVERSION = YES;
				CLANG_WARN_INFINITE_RECURSION = YES;
				CLANG_WARN_INT_CONVERSION = YES;
				CLANG_WARN_NON_LITERAL_NULL_CONVERSION = YES;
				CLANG_WARN_OBJC_LITERAL_CONVERSION = YES;
				CLANG_WARN_OBJC_ROOT_CLASS = YES_ERROR;
				CLANG_WARN_RANGE_LOOP_ANALYSIS = YES;
				CLANG_WARN_STRICT_PROTOTYPES = YES;
				CLANG_WARN_SUSPICIOUS_MOVE = YES;
				CLANG_WARN_UNGUARDED_AVAILABILITY = YES_AGGRESSIVE;
				CLANG_WARN_UNREACHABLE_CODE = YES;
				CLANG_WARN__DUPLICATE_METHOD_MATCH = YES;
				CODE_SIGN_IDENTITY = "iPhone Developer";
				COPY_PHASE_STRIP = NO;
				DEBUG_INFORMATION_FORMAT = "dwarf-with-dsym";
				ENABLE_NS_ASSERTIONS = NO;
				ENABLE_STRICT_OBJC_MSGSEND = YES;
				GCC_C_LANGUAGE_STANDARD = gnu11;
				GCC_NO_COMMON_BLOCKS = YES;
				GCC_WARN_64_TO_32_BIT_CONVERSION = YES;
				GCC_WARN_ABOUT_RETURN_TYPE = YES_ERROR;
				GCC_WARN_UNDECLARED_SELECTOR = YES;
				GCC_WARN_UNINITIALIZED_AUTOS = YES_AGGRESSIVE;
				GCC_WARN_UNUSED_FUNCTION = YES;
				GCC_WARN_UNUSED_VARIABLE = YES;
				IPHONEOS_DEPLOYMENT_TARGET = 11.0;
				MTL_ENABLE_DEBUG_INFO = NO;
				SDKROOT = iphoneos;
				SWIFT_OPTIMIZATION_LEVEL = "-Owholemodule";
				VALIDATE_PRODUCT = YES;
			};
			name = Release;
		};
		F9A870ED1F86C4A400D6272B /* Debug */ = {
			isa = XCBuildConfiguration;
			baseConfigurationReference = 4005BB9BEA4531832C41852E /* Pods-Salut.debug.xcconfig */;
			buildSettings = {
				ASSETCATALOG_COMPILER_APPICON_NAME = AppIcon;
				CLANG_ENABLE_MODULES = YES;
				CODE_SIGN_STYLE = Automatic;
				DEVELOPMENT_TEAM = GWBPXCHKFW;
				INFOPLIST_FILE = Salut/Info.plist;
				LD_RUNPATH_SEARCH_PATHS = "$(inherited) @executable_path/Frameworks";
				PRODUCT_BUNDLE_IDENTIFIER = com.iRa.ios.Salut;
				PRODUCT_NAME = "$(TARGET_NAME)";
				SWIFT_OBJC_BRIDGING_HEADER = "Salut/Supporting Files/Salut-Bridging-Header.h";
				SWIFT_OPTIMIZATION_LEVEL = "-Onone";
				SWIFT_VERSION = 4.0;
				TARGETED_DEVICE_FAMILY = "1,2";
			};
			name = Debug;
		};
		F9A870EE1F86C4A400D6272B /* Release */ = {
			isa = XCBuildConfiguration;
			baseConfigurationReference = 91CB0D90F0BBC5877745AEA7 /* Pods-Salut.release.xcconfig */;
			buildSettings = {
				ASSETCATALOG_COMPILER_APPICON_NAME = AppIcon;
				CLANG_ENABLE_MODULES = YES;
				CODE_SIGN_STYLE = Automatic;
				DEVELOPMENT_TEAM = GWBPXCHKFW;
				INFOPLIST_FILE = Salut/Info.plist;
				LD_RUNPATH_SEARCH_PATHS = "$(inherited) @executable_path/Frameworks";
				PRODUCT_BUNDLE_IDENTIFIER = com.iRa.ios.Salut;
				PRODUCT_NAME = "$(TARGET_NAME)";
				SWIFT_OBJC_BRIDGING_HEADER = "Salut/Supporting Files/Salut-Bridging-Header.h";
				SWIFT_VERSION = 4.0;
				TARGETED_DEVICE_FAMILY = "1,2";
			};
			name = Release;
		};
/* End XCBuildConfiguration section */

/* Begin XCConfigurationList section */
		F9A870D21F86C4A400D6272B /* Build configuration list for PBXProject "Salut" */ = {
			isa = XCConfigurationList;
			buildConfigurations = (
				F9A870EA1F86C4A400D6272B /* Debug */,
				F9A870EB1F86C4A400D6272B /* Release */,
			);
			defaultConfigurationIsVisible = 0;
			defaultConfigurationName = Release;
		};
		F9A870EC1F86C4A400D6272B /* Build configuration list for PBXNativeTarget "Salut" */ = {
			isa = XCConfigurationList;
			buildConfigurations = (
				F9A870ED1F86C4A400D6272B /* Debug */,
				F9A870EE1F86C4A400D6272B /* Release */,
			);
			defaultConfigurationIsVisible = 0;
			defaultConfigurationName = Release;
		};
/* End XCConfigurationList section */

/* Begin XCVersionGroup section */
		F9A870E11F86C4A400D6272B /* Salut.xcdatamodeld */ = {
			isa = XCVersionGroup;
			children = (
				F9A870E21F86C4A400D6272B /* Salut.xcdatamodel */,
			);
			currentVersion = F9A870E21F86C4A400D6272B /* Salut.xcdatamodel */;
			path = Salut.xcdatamodeld;
			sourceTree = "<group>";
			versionGroupType = wrapper.xcdatamodel;
		};
/* End XCVersionGroup section */
	};
	rootObject = F9A870CF1F86C4A400D6272B /* Project object */;
}
